
Microsoft Visual Studio Solution File, Format Version 12.00
# Visual Studio 14
VisualStudioVersion = 14.0.23107.0
MinimumVisualStudioVersion = 10.0.40219.1
Project("{FAE04EC0-301F-11D3-BF4B-00C04F79EFBC}") = "Analyzer1", "Analyzer1\Analyzer1\Analyzer1.csproj", "{C71AD979-18DF-4A05-B1F6-EE6C7C2D1C21}"
EndProject
Project("{FAE04EC0-301F-11D3-BF4B-00C04F79EFBC}") = "Analyzer1.Test", "Analyzer1\Analyzer1.Test\Analyzer1.Test.csproj", "{10007BD6-A040-476C-BB13-47F8D2828A8E}"
EndProject
Project("{FAE04EC0-301F-11D3-BF4B-00C04F79EFBC}") = "Analyzer1.Vsix", "Analyzer1\Analyzer1.Vsix\Analyzer1.Vsix.csproj", "{809D292C-E5BB-410D-B940-AA603AA68ECE}"
EndProject
Global
	GlobalSection(SolutionConfigurationPlatforms) = preSolution
		Debug|Any CPU = Debug|Any CPU
		Release|Any CPU = Release|Any CPU
	EndGlobalSection
	GlobalSection(ProjectConfigurationPlatforms) = postSolution
		{C71AD979-18DF-4A05-B1F6-EE6C7C2D1C21}.Debug|Any CPU.ActiveCfg = Debug|Any CPU
		{C71AD979-18DF-4A05-B1F6-EE6C7C2D1C21}.Debug|Any CPU.Build.0 = Debug|Any CPU
		{C71AD979-18DF-4A05-B1F6-EE6C7C2D1C21}.Release|Any CPU.ActiveCfg = Release|Any CPU
		{C71AD979-18DF-4A05-B1F6-EE6C7C2D1C21}.Release|Any CPU.Build.0 = Release|Any CPU
		{10007BD6-A040-476C-BB13-47F8D2828A8E}.Debug|Any CPU.ActiveCfg = Debug|Any CPU
		{10007BD6-A040-476C-BB13-47F8D2828A8E}.Debug|Any CPU.Build.0 = Debug|Any CPU
		{10007BD6-A040-476C-BB13-47F8D2828A8E}.Release|Any CPU.ActiveCfg = Release|Any CPU
		{10007BD6-A040-476C-BB13-47F8D2828A8E}.Release|Any CPU.Build.0 = Release|Any CPU
		{809D292C-E5BB-410D-B940-AA603AA68ECE}.Debug|Any CPU.ActiveCfg = Debug|Any CPU
		{809D292C-E5BB-410D-B940-AA603AA68ECE}.Debug|Any CPU.Build.0 = Debug|Any CPU
		{809D292C-E5BB-410D-B940-AA603AA68ECE}.Release|Any CPU.ActiveCfg = Release|Any CPU
	EndGlobalSection
	GlobalSection(SolutionProperties) = preSolution
		HideSolutionNode = FALSE
	EndGlobalSection
EndGlobal
